{
  "nodes": {
    "flake-utils": {
      "inputs": {
        "systems": "systems"
      },
      "locked": {
        "lastModified": 1731533236,
        "narHash": "sha256-l0KFg5HjrsfsO/JpG+r7fRrqm12kzFHyUHqHCVpMMbI=",
        "owner": "numtide",
        "repo": "flake-utils",
        "rev": "11707dc2f618dd54ca8739b309ec4fc024de578b",
        "type": "github"
      },
      "original": {
        "owner": "numtide",
        "repo": "flake-utils",
        "type": "github"
      }
    },
    "giftistry-bun": {
      "flake": false,
      "locked": {
        "lastModified": 1789953118,
        "narHash": "sha256-6rUVXvINYaNkFicGkZBWVJJt55VOh99UMDWOqy/jpP8=",
        "ref": "refs/heads/main",
        "rev": "ca3f75e6ff794ccdf47d721173c7644bc099fdef",
        "revCount": 27,
        "type": "git",
        "url": "file:///home/tech180/Documents/projects/giftistry-bun"
      },
      "original": {
        "type": "git",
        "url": "file:///home/tech180/Documents/projects/giftistry-bun"
      }
    },
    "giftistry-react": {
      "flake": false,
      "locked": {
        "lastModified": 1789953013,
        "narHash": "sha256-azTqbk7uMrsQRzqjfl2n8rGA4loQPHca68mHbjyElls=",
        "ref": "refs/heads/main",
        "rev": "738689a98d9c74f461e05401034e896cb9ceaa87",
        "revCount": 29,
        "type": "git",
        "url": "file:///home/tech180/Documents/projects/giftistry-react"
      },
      "original": {
        "type": "git",
        "url": "file:///home/tech180/Documents/projects/giftistry-react"
      }
    },
    "nixpkgs": {
      "locked": {
        "lastModified": 1789785513,
        "narHash": "sha256-B44WL6h0XoLjJ41bUPJk0X5SDinLCII//6EcBLXKiJ0=",
        "owner": "NixOS",
        "repo": "nixpkgs",
        "rev": "20b1ddd1aa5ace70c9468305030aa4f9ef79671b",
        "type": "github"
      },
      "original": {
        "owner": "NixOS",
        "ref": "nixos-unstable",
        "repo": "nixpkgs",
        "type": "github"
      }
    },
    "root": {
      "inputs": {
        "flake-utils": "flake-utils",
        "giftistry-bun": "giftistry-bun",
        "giftistry-react": "giftistry-react",
        "nixpkgs": "nixpkgs",
        "theming-engine": "theming-engine"
      }
    },
    "systems": {
      "locked": {
        "lastModified": 1681028828,
        "narHash": "sha256-Vy1rq5AaRuLzOxct8nz4T6wlgyUR7zLU309k9mBC768=",
        "owner": "nix-systems",
        "repo": "default",
        "rev": "da67096a3b9bf56a91d16901293e51ba5b49a27e",
        "type": "github"
      },
      "original": {
        "owner": "nix-systems",
        "repo": "default",
        "type": "github"
      }
    },
    "theming-engine": {
      "flake": false,
      "locked": {
        "lastModified": 1789952925,
        "narHash": "sha256-8/Lak0W1smWCIE2tgXTCtPAaT1hM76qCFT2i+jUye4Y=",
        "ref": "refs/heads/main",
        "rev": "2e74db33f3b52bc65c6cd9cb654f2be1253e9d84",
        "revCount": 5,
        "type": "git",
        "url": "file:///home/tech180/Documents/projects/theming-engine"
      },
      "original": {
        "type": "git",
        "url": "file:///home/tech180/Documents/projects/theming-engine"
      }
    }
  },
  "root": "root",
  "version": 7
}
